
Microsoft Visual Studio Solution File, Format Version 12.00
# Visual Studio Version 16
VisualStudioVersion = 25.0.1704.2
MinimumVisualStudioVersion = 10.0.40219.1
Project("{FAE04EC0-301F-11D3-BF4B-00C04F79EFBC}") = "tictactoe-back", "tictactoe-back.csproj", "{C446E2C3-57D5-4012-AC96-5378BACAD8BC}"
EndProject
Global
	GlobalSection(SolutionConfigurationPlatforms) = preSolution
		Debug|Any CPU = Debug|Any CPU
		Release|Any CPU = Release|Any CPU
	EndGlobalSection
	GlobalSection(ProjectConfigurationPlatforms) = postSolution
		{C446E2C3-57D5-4012-AC96-5378BACAD8BC}.Debug|Any CPU.ActiveCfg = Debug|Any CPU
		{C446E2C3-57D5-4012-AC96-5378BACAD8BC}.Debug|Any CPU.Build.0 = Debug|Any CPU
		{C446E2C3-57D5-4012-AC96-5378BACAD8BC}.Release|Any CPU.ActiveCfg = Release|Any CPU
		{C446E2C3-57D5-4012-AC96-5378BACAD8BC}.Release|Any CPU.Build.0 = Release|Any CPU
	EndGlobalSection
	GlobalSection(SolutionProperties) = preSolution
		HideSolutionNode = FALSE
	EndGlobalSection
	GlobalSection(ExtensibilityGlobals) = postSolution
		SolutionGuid = {FB34579E-AA1C-4CDB-A2D6-C3315FD57A66}
	EndGlobalSection
EndGlobal
